{
  "name": "ffcs-bus-track-api",
  "version": "1.0.0",
  "lockfileVersion": 1,
  "requires": true,
  "dependencies": {
    "@iarna/toml": {
      "version": "2.2.3",
      "resolved": "https://globaldevtools.bbva.com:443/artifactory/api/npm/npm-repo/@iarna/toml/-/toml-2.2.3.tgz",
      "integrity": "sha1-8GC/bqr65NVqfaxhiYCDiwaW4qs=",
      "dev": true
    },
    "appdirectory": {
      "version": "0.1.0",
      "resolved": "https://globaldevtools.bbva.com:443/artifactory/api/npm/npm-repo/appdirectory/-/appdirectory-0.1.0.tgz",
      "integrity": "sha1-62yBYyDnsqsW9e2ZfyjYIF31Y3U=",
      "dev": true
    },
    "async": {
      "version": "1.5.2",
      "resolved": "https://globaldevtools.bbva.com:443/artifactory/api/npm/npm-repo/async/-/async-1.5.2.tgz",
      "integrity": "sha1-7GphrlZIDAw8skHJVhjiCJL5Zyo=",
      "dev": true
    },
    "balanced-match": {
      "version": "1.0.0",
      "resolved": "https://globaldevtools.bbva.com:443/artifactory/api/npm/npm-repo/balanced-match/-/balanced-match-1.0.0.tgz",
      "integrity": "sha1-ibTRmasr7kneFk6gK4nORi1xt2c=",
      "dev": true
    },
    "bluebird": {
      "version": "3.5.5",
      "resolved": "https://globaldevtools.bbva.com:443/artifactory/api/npm/npm-repo/bluebird/-/bluebird-3.5.5.tgz",
      "integrity": "sha1-qNCv1zJR7/u9X+OEp31zADwXpx8=",
      "dev": true
    },
    "brace-expansion": {
      "version": "1.1.11",
      "resolved": "https://globaldevtools.bbva.com:443/artifactory/api/npm/npm-repo/brace-expansion/-/brace-expansion-1.1.11.tgz",
      "integrity": "sha1-PH/L9SnYcibz0vUrlm/1Jx60Qd0=",
      "dev": true,
      "requires": {
        "balanced-match": "^1.0.0",
        "concat-map": "0.0.1"
      }
    },
    "concat-map": {
      "version": "0.0.1",
      "resolved": "https://globaldevtools.bbva.com:443/artifactory/api/npm/npm-repo/concat-map/-/concat-map-0.0.1.tgz",
      "integrity": "sha1-2Klr13/Wjfd5OnMDajug1UBdR3s=",
      "dev": true
    },
    "core-util-is": {
      "version": "1.0.2",
      "resolved": "https://globaldevtools.bbva.com:443/artifactory/api/npm/npm-repo/core-util-is/-/core-util-is-1.0.2.tgz",
      "integrity": "sha1-tf1UIgqivFq1eqtxQMlAdUUDwac=",
      "dev": true
    },
    "fs-extra": {
      "version": "7.0.1",
      "resolved": "https://globaldevtools.bbva.com:443/artifactory/api/npm/npm-repo/fs-extra/-/fs-extra-7.0.1.tgz",
      "integrity": "sha1-TxicRKoSO4lfcigE9V6iPq3DSOk=",
      "dev": true,
      "requires": {
        "graceful-fs": "^4.1.2",
        "jsonfile": "^4.0.0",
        "universalify": "^0.1.0"
      }
    },
    "fs.realpath": {
      "version": "1.0.0",
      "resolved": "https://globaldevtools.bbva.com:443/artifactory/api/npm/npm-repo/fs.realpath/-/fs.realpath-1.0.0.tgz",
      "integrity": "sha1-FQStJSMVjKpA20onh8sBQRmU6k8=",
      "dev": true
    },
    "glob": {
      "version": "7.1.4",
      "resolved": "https://globaldevtools.bbva.com:443/artifactory/api/npm/npm-repo/glob/-/glob-7.1.4.tgz",
      "integrity": "sha1-qmCKL2xXetNX4a5aXCbZqNGWklU=",
      "dev": true,
      "requires": {
        "fs.realpath": "^1.0.0",
        "inflight": "^1.0.4",
        "inherits": "2",
        "minimatch": "^3.0.4",
        "once": "^1.3.0",
        "path-is-absolute": "^1.0.0"
      }
    },
    "glob-all": {
      "version": "3.1.0",
      "resolved": "https://globaldevtools.bbva.com:443/artifactory/api/npm/npm-repo/glob-all/-/glob-all-3.1.0.tgz",
      "integrity": "sha1-iRPd+17hrHgSZWJBsD1SF8ZLAqs=",
      "dev": true,
      "requires": {
        "glob": "^7.0.5",
        "yargs": "~1.2.6"
      }
    },
    "graceful-fs": {
      "version": "4.2.2",
      "resolved": "https://globaldevtools.bbva.com:443/artifactory/api/npm/npm-repo/graceful-fs/-/graceful-fs-4.2.2.tgz",
      "integrity": "sha1-bwlSYF0BQMHP2xOO0AV3W5LWewI=",
      "dev": true
    },
    "hasbin": {
      "version": "1.2.3",
      "resolved": "https://globaldevtools.bbva.com:443/artifactory/api/npm/npm-repo/hasbin/-/hasbin-1.2.3.tgz",
      "integrity": "sha1-eMWSaJPIAhXCtWiuH9P8q3omlrA=",
      "dev": true,
      "requires": {
        "async": "~1.5"
      }
    },
    "immediate": {
      "version": "3.0.6",
      "resolved": "https://globaldevtools.bbva.com:443/artifactory/api/npm/npm-repo/immediate/-/immediate-3.0.6.tgz",
      "integrity": "sha1-nbHb0Pr43m++D13V5Wu2BigN5ps=",
      "dev": true
    },
    "inflight": {
      "version": "1.0.6",
      "resolved": "https://globaldevtools.bbva.com:443/artifactory/api/npm/npm-repo/inflight/-/inflight-1.0.6.tgz",
      "integrity": "sha1-Sb1jMdfQLQwJvJEKEHW6gWW1bfk=",
      "dev": true,
      "requires": {
        "once": "^1.3.0",
        "wrappy": "1"
      }
    },
    "inherits": {
      "version": "2.0.4",
      "resolved": "https://globaldevtools.bbva.com:443/artifactory/api/npm/npm-repo/inherits/-/inherits-2.0.4.tgz",
      "integrity": "sha1-D6LGT5MpF8NDOg3tVTY6rjdBa3w=",
      "dev": true
    },
    "is-wsl": {
      "version": "2.1.0",
      "resolved": "https://globaldevtools.bbva.com:443/artifactory/api/npm/npm-repo/is-wsl/-/is-wsl-2.1.0.tgz",
      "integrity": "sha1-lDabvrIknvB7gxsbCFkOaGMwzLs=",
      "dev": true
    },
    "isarray": {
      "version": "1.0.0",
      "resolved": "https://globaldevtools.bbva.com:443/artifactory/api/npm/npm-repo/isarray/-/isarray-1.0.0.tgz",
      "integrity": "sha1-u5NdSFgsuhaMBoNJV6VKPgcSTxE=",
      "dev": true
    },
    "jsonfile": {
      "version": "4.0.0",
      "resolved": "https://globaldevtools.bbva.com:443/artifactory/api/npm/npm-repo/jsonfile/-/jsonfile-4.0.0.tgz",
      "integrity": "sha1-h3Gq4HmbZAdrdmQPygWPnBDjPss=",
      "dev": true,
      "requires": {
        "graceful-fs": "^4.1.6"
      }
    },
    "jszip": {
      "version": "3.2.2",
      "resolved": "https://globaldevtools.bbva.com:443/artifactory/api/npm/npm-repo/jszip/-/jszip-3.2.2.tgz",
      "integrity": "sha1-sUOBbffhBqlZepTHdJM4WtylvR0=",
      "dev": true,
      "requires": {
        "lie": "~3.3.0",
        "pako": "~1.0.2",
        "readable-stream": "~2.3.6",
        "set-immediate-shim": "~1.0.1"
      }
    },
    "lie": {
      "version": "3.3.0",
      "resolved": "https://globaldevtools.bbva.com:443/artifactory/api/npm/npm-repo/lie/-/lie-3.3.0.tgz",
      "integrity": "sha1-3Pgt7lRfRgdNryAMfBxaCOD0D2o=",
      "dev": true,
      "requires": {
        "immediate": "~3.0.5"
      }
    },
    "lodash": {
      "version": "4.17.15",
      "resolved": "https://globaldevtools.bbva.com:443/artifactory/api/npm/npm-repo/lodash/-/lodash-4.17.15.tgz",
      "integrity": "sha1-tEf2ZwoEVbv+7dETku/zMOoJdUg=",
      "dev": true
    },
    "lodash.get": {
      "version": "4.4.2",
      "resolved": "https://globaldevtools.bbva.com:443/artifactory/api/npm/npm-repo/lodash.get/-/lodash.get-4.4.2.tgz",
      "integrity": "sha1-LRd/ZS+jHpObRDjVNBSZ36OCXpk=",
      "dev": true
    },
    "lodash.set": {
      "version": "4.3.2",
      "resolved": "https://globaldevtools.bbva.com:443/artifactory/api/npm/npm-repo/lodash.set/-/lodash.set-4.3.2.tgz",
      "integrity": "sha1-2HV7HagH3eJIFrDWqEvqGnYjCyM=",
      "dev": true
    },
    "lodash.uniqby": {
      "version": "4.7.0",
      "resolved": "https://globaldevtools.bbva.com:443/artifactory/api/npm/npm-repo/lodash.uniqby/-/lodash.uniqby-4.7.0.tgz",
      "integrity": "sha1-2ZwHpmnp5tJOE2Lf4mbGdhavEwI=",
      "dev": true
    },
    "lodash.values": {
      "version": "4.3.0",
      "resolved": "https://globaldevtools.bbva.com:443/artifactory/api/npm/npm-repo/lodash.values/-/lodash.values-4.3.0.tgz",
      "integrity": "sha1-o6bCsOvsxcLLocF+bmIP6BtT00c=",
      "dev": true
    },
    "minimatch": {
      "version": "3.0.4",
      "resolved": "https://globaldevtools.bbva.com:443/artifactory/api/npm/npm-repo/minimatch/-/minimatch-3.0.4.tgz",
      "integrity": "sha1-UWbihkV/AzBgZL5Ul+jbsMPTIIM=",
      "dev": true,
      "requires": {
        "brace-expansion": "^1.1.7"
      }
    },
    "minimist": {
      "version": "0.1.0",
      "resolved": "https://globaldevtools.bbva.com:443/artifactory/api/npm/npm-repo/minimist/-/minimist-0.1.0.tgz",
      "integrity": "sha1-md9lelJXTCHJBXSX33QnkLK0wN4=",
      "dev": true
    },
    "once": {
      "version": "1.4.0",
      "resolved": "https://globaldevtools.bbva.com:443/artifactory/api/npm/npm-repo/once/-/once-1.4.0.tgz",
      "integrity": "sha1-WDsap3WWHUsROsF9nFC6753Xa9E=",
      "dev": true,
      "requires": {
        "wrappy": "1"
      }
    },
    "pako": {
      "version": "1.0.10",
      "resolved": "https://globaldevtools.bbva.com:443/artifactory/api/npm/npm-repo/pako/-/pako-1.0.10.tgz",
      "integrity": "sha1-Qyi621CGpCaqkPVBl31JVdpclzI=",
      "dev": true
    },
    "path-is-absolute": {
      "version": "1.0.1",
      "resolved": "https://globaldevtools.bbva.com:443/artifactory/api/npm/npm-repo/path-is-absolute/-/path-is-absolute-1.0.1.tgz",
      "integrity": "sha1-F0uSaHNVNP+8es5r9TpanhtcX18=",
      "dev": true
    },
    "process-nextick-args": {
      "version": "2.0.1",
      "resolved": "https://globaldevtools.bbva.com:443/artifactory/api/npm/npm-repo/process-nextick-args/-/process-nextick-args-2.0.1.tgz",
      "integrity": "sha1-eCDZsWEgzFXKmud5JoCufbptf+I=",
      "dev": true
    },
    "readable-stream": {
      "version": "2.3.6",
      "resolved": "https://globaldevtools.bbva.com:443/artifactory/api/npm/npm-repo/readable-stream/-/readable-stream-2.3.6.tgz",
      "integrity": "sha1-sRwn2IuP8fvgcGQ8+UsMea4bCq8=",
      "dev": true,
      "requires": {
        "core-util-is": "~1.0.0",
        "inherits": "~2.0.3",
        "isarray": "~1.0.0",
        "process-nextick-args": "~2.0.0",
        "safe-buffer": "~5.1.1",
        "string_decoder": "~1.1.1",
        "util-deprecate": "~1.0.1"
      }
    },
    "rimraf": {
      "version": "2.7.1",
      "resolved": "https://globaldevtools.bbva.com:443/artifactory/api/npm/npm-repo/rimraf/-/rimraf-2.7.1.tgz",
      "integrity": "sha1-NXl/E6f9rcVmFCwp1PB8ytSD4+w=",
      "dev": true,
      "requires": {
        "glob": "^7.1.3"
      }
    },
    "safe-buffer": {
      "version": "5.1.2",
      "resolved": "https://globaldevtools.bbva.com:443/artifactory/api/npm/npm-repo/safe-buffer/-/safe-buffer-5.1.2.tgz",
      "integrity": "sha1-mR7GnSluAxN0fVm9/St0XDX4go0=",
      "dev": true
    },
    "serverless-python-requirements": {
      "version": "5.0.0",
      "resolved": "https://globaldevtools.bbva.com:443/artifactory/api/npm/npm-repo/serverless-python-requirements/-/serverless-python-requirements-5.0.0.tgz",
      "integrity": "sha1-8C3pMnjN/kcWk8ciqmu2bB/yWUI=",
      "dev": true,
      "requires": {
        "@iarna/toml": "^2.2.3",
        "appdirectory": "^0.1.0",
        "bluebird": "^3.0.6",
        "fs-extra": "^7.0.0",
        "glob-all": "^3.1.0",
        "is-wsl": "^2.0.0",
        "jszip": "^3.1.0",
        "lodash.get": "^4.4.2",
        "lodash.set": "^4.3.2",
        "lodash.uniqby": "^4.0.0",
        "lodash.values": "^4.3.0",
        "rimraf": "^2.6.2",
        "sha256-file": "1.0.0",
        "shell-quote": "^1.6.1"
      }
    },
    "serverless-wsgi": {
      "version": "1.7.3",
      "resolved": "https://globaldevtools.bbva.com:443/artifactory/api/npm/npm-repo/serverless-wsgi/-/serverless-wsgi-1.7.3.tgz",
      "integrity": "sha1-NMeYlxijy1KpFIvbqNfWwtoPAyg=",
      "dev": true,
      "requires": {
        "bluebird": "^3.5.5",
        "fs-extra": "^8.1.0",
        "hasbin": "^1.2.3",
        "lodash": "^4.17.15"
      },
      "dependencies": {
        "fs-extra": {
          "version": "8.1.0",
          "resolved": "https://globaldevtools.bbva.com:443/artifactory/api/npm/npm-repo/fs-extra/-/fs-extra-8.1.0.tgz",
          "integrity": "sha1-SdQ8RaiM2Wd2aMt74bRu/bjS4cA=",
          "dev": true,
          "requires": {
            "graceful-fs": "^4.2.0",
            "jsonfile": "^4.0.0",
            "universalify": "^0.1.0"
          }
        }
      }
    },
    "set-immediate-shim": {
      "version": "1.0.1",
      "resolved": "https://globaldevtools.bbva.com:443/artifactory/api/npm/npm-repo/set-immediate-shim/-/set-immediate-shim-1.0.1.tgz",
      "integrity": "sha1-SysbJ+uAip+NzEgaWOXlb1mfP2E=",
      "dev": true
    },
    "sha256-file": {
      "version": "1.0.0",
      "resolved": "https://globaldevtools.bbva.com:443/artifactory/api/npm/npm-repo/sha256-file/-/sha256-file-1.0.0.tgz",
      "integrity": "sha1-AsreXmWNo/vBZ8MnC9zf1UCfG2U=",
      "dev": true
    },
    "shell-quote": {
      "version": "1.7.2",
      "resolved": "https://globaldevtools.bbva.com:443/artifactory/api/npm/npm-repo/shell-quote/-/shell-quote-1.7.2.tgz",
      "integrity": "sha1-Z6fQLHbJ2iT5nSCAj8re0ODgS+I=",
      "dev": true
    },
    "string_decoder": {
      "version": "1.1.1",
      "resolved": "https://globaldevtools.bbva.com:443/artifactory/api/npm/npm-repo/string_decoder/-/string_decoder-1.1.1.tgz",
      "integrity": "sha1-nPFhG6YmhdcDCunkujQUnDrwP8g=",
      "dev": true,
      "requires": {
        "safe-buffer": "~5.1.0"
      }
    },
    "universalify": {
      "version": "0.1.2",
      "resolved": "https://globaldevtools.bbva.com:443/artifactory/api/npm/npm-repo/universalify/-/universalify-0.1.2.tgz",
      "integrity": "sha1-tkb2m+OULavOzJ1mOcgNwQXvqmY=",
      "dev": true
    },
    "util-deprecate": {
      "version": "1.0.2",
      "resolved": "https://globaldevtools.bbva.com:443/artifactory/api/npm/npm-repo/util-deprecate/-/util-deprecate-1.0.2.tgz",
      "integrity": "sha1-RQ1Nyfpw3nMnYvvS1KKJgUGaDM8=",
      "dev": true
    },
    "wrappy": {
      "version": "1.0.2",
      "resolved": "https://globaldevtools.bbva.com:443/artifactory/api/npm/npm-repo/wrappy/-/wrappy-1.0.2.tgz",
      "integrity": "sha1-tSQ9jz7BqjXxNkYFvA0QNuMKtp8=",
      "dev": true
    },
    "yargs": {
      "version": "1.2.6",
      "resolved": "https://globaldevtools.bbva.com:443/artifactory/api/npm/npm-repo/yargs/-/yargs-1.2.6.tgz",
      "integrity": "sha1-nHtKgv1dWVsr8Xq23MQxNUMv40s=",
      "dev": true,
      "requires": {
        "minimist": "^0.1.0"
      }
    }
  }
}
